// !$*UTF8*$!
{
	archiveVersion = 1;
	classes = {
	};
	objectVersion = 46;
	objects = {

/* Begin PBXBuildFile section */
		C6D158F31CA8E45400B5B991 /* AppDelegate.swift in Sources */ = {isa = PBXBuildFile; fileRef = C6D158F21CA8E45400B5B991 /* AppDelegate.swift */; };
		C6D158F51CA8E45400B5B991 /* ViewController.swift in Sources */ = {isa = PBXBuildFile; fileRef = C6D158F41CA8E45400B5B991 /* ViewController.swift */; };
		C6D158FA1CA8E45400B5B991 /* Assets.xcassets in Resources */ = {isa = PBXBuildFile; fileRef = C6D158F91CA8E45400B5B991 /* Assets.xcassets */; };
		C6D158FD1CA8E45400B5B991 /* LaunchScreen.storyboard in Resources */ = {isa = PBXBuildFile; fileRef = C6D158FB1CA8E45400B5B991 /* LaunchScreen.storyboard */; };
/* End PBXBuildFile section */

/* Begin PBXFileReference section */
		C6D158EF1CA8E45400B5B991 /* ZhiHu.app */ = {isa = PBXFileReference; explicitFileType = wrapper.application; includeInIndex = 0; path = ZhiHu.app; sourceTree = BUILT_PRODUCTS_DIR; };
		C6D158F21CA8E45400B5B991 /* AppDelegate.swift */ = {isa = PBXFileReference; lastKnownFileType = sourcecode.swift; path = AppDelegate.swift; sourceTree = "<group>"; };
		C6D158F41CA8E45400B5B991 /* ViewController.swift */ = {isa = PBXFileReference; lastKnownFileType = sourcecode.swift; path = ViewController.swift; sourceTree = "<group>"; };
		C6D158F91CA8E45400B5B991 /* Assets.xcassets */ = {isa = PBXFileReference; lastKnownFileType = folder.assetcatalog; path = Assets.xcassets; sourceTree = "<group>"; };
		C6D158FC1CA8E45400B5B991 /* Base */ = {isa = PBXFileReference; lastKnownFileType = file.storyboard; name = Base; path = Base.lproj/LaunchScreen.storyboard; sourceTree = "<group>"; };
		C6D158FE1CA8E45400B5B991 /* Info.plist */ = {isa = PBXFileReference; lastKnownFileType = text.plist.xml; path = Info.plist; sourceTree = "<group>"; };
/* End PBXFileReference section */

/* Begin PBXFrameworksBuildPhase section */
		C6D158EC1CA8E45400B5B991 /* Frameworks */ = {
			isa = PBXFrameworksBuildPhase;
			buildActionMask = 2147483647;
			files = (
			);
			runOnlyForDeploymentPostprocessing = 0;
		};
/* End PBXFrameworksBuildPhase section */

/* Begin PBXGroup section */
		C6D158E61CA8E45400B5B991 = {
			isa = PBXGroup;
			children = (
				C6D158F11CA8E45400B5B991 /* ZhiHu */,
				C6D158F01CA8E45400B5B991 /* Products */,
			);
			sourceTree = "<group>";
		};
		C6D158F01CA8E45400B5B991 /* Products */ = {
			isa = PBXGroup;
			children = (
				C6D158EF1CA8E45400B5B991 /* ZhiHu.app */,
			);
			name = Products;
			sourceTree = "<group>";
		};
		C6D158F11CA8E45400B5B991 /* ZhiHu */ = {
			isa = PBXGroup;
			children = (
				C6D158F21CA8E45400B5B991 /* AppDelegate.swift */,
				C6D158F41CA8E45400B5B991 /* ViewController.swift */,
				C6D158F91CA8E45400B5B991 /* Assets.xcassets */,
				C6D158FB1CA8E45400B5B991 /* LaunchScreen.storyboard */,
				C6D158FE1CA8E45400B5B991 /* Info.plist */,
			);
			path = ZhiHu;
			sourceTree = "<group>";
		};
/* End PBXGroup section */

/* Begin PBXNativeTarget section */
		C6D158EE1CA8E45400B5B991 /* ZhiHu */ = {
			isa = PBXNativeTarget;
			buildConfigurationList = C6D159011CA8E45400B5B991 /* Build configuration list for PBXNativeTarget "ZhiHu" */;
			buildPhases = (
				C6D158EB1CA8E45400B5B991 /* Sources */,
				C6D158EC1CA8E45400B5B991 /* Frameworks */,
				C6D158ED1CA8E45400B5B991 /* Resources */,
			);
			buildRules = (
			);
			dependencies = (
			);
			name = ZhiHu;
			productName = ZhiHu;
			productReference = C6D158EF1CA8E45400B5B991 /* ZhiHu.app */;
			productType = "com.apple.product-type.application";
		};
/* End PBXNativeTarget section */

/* Begin PBXProject section */
		C6D158E71CA8E45400B5B991 /* Project object */ = {
			isa = PBXProject;
			attributes = {
				LastSwiftUpdateCheck = 0720;
				LastUpgradeCheck = 0720;
				ORGANIZATIONNAME = com.163;
				TargetAttributes = {
					C6D158EE1CA8E45400B5B991 = {
						CreatedOnToolsVersion = 7.2;
						DevelopmentTeam = QM84BE5WCU;
					};
				};
			};
			buildConfigurationList = C6D158EA1CA8E45400B5B991 /* Build configuration list for PBXProject "ZhiHu" */;
			compatibilityVersion = "Xcode 3.2";
			developmentRegion = English;
			hasScannedForEncodings = 0;
			knownRegions = (
				en,
				Base,
			);
			mainGroup = C6D158E61CA8E45400B5B991;
			productRefGroup = C6D158F01CA8E45400B5B991 /* Products */;
			projectDirPath = "";
			projectRoot = "";
			targets = (
				C6D158EE1CA8E45400B5B991 /* ZhiHu */,
			);
		};
/* End PBXProject section */

/* Begin PBXResourcesBuildPhase section */
		C6D158ED1CA8E45400B5B991 /* Resources */ = {
			isa = PBXResourcesBuildPhase;
			buildActionMask = 2147483647;
			files = (
				C6D158FD1CA8E45400B5B991 /* LaunchScreen.storyboard in Resources */,
				C6D158FA1CA8E45400B5B991 /* Assets.xcassets in Resources */,
			);
			runOnlyForDeploymentPostprocessing = 0;
		};
/* End PBXResourcesBuildPhase section */

/* Begin PBXSourcesBuildPhase section */
		C6D158EB1CA8E45400B5B991 /* Sources */ = {
			isa = PBXSourcesBuildPhase;
			buildActionMask = 2147483647;
			files = (
				C6D158F51CA8E45400B5B991 /* ViewController.swift in Sources */,
				C6D158F31CA8E45400B5B991 /* AppDelegate.swift in Sources */,
			);
			runOnlyForDeploymentPostprocessing = 0;
		};
/* End PBXSourcesBuildPhase section */

/* Begin PBXVariantGroup section */
		C6D158FB1CA8E45400B5B991 /* LaunchScreen.storyboard */ = {
			isa = PBXVariantGroup;
			children = (
				C6D158FC1CA8E45400B5B991 /* Base */,
			);
			name = LaunchScreen.storyboard;
			sourceTree = "<group>";
		};
/* End PBXVariantGroup section */

/* Begin XCBuildConfiguration section */
		C6D158FF1CA8E45400B5B991 /* Debug */ = {
			isa = XCBuildConfiguration;
			buildSettings = {
				ALWAYS_SEARCH_USER_PATHS = NO;
				CLANG_CXX_LANGUAGE_STANDARD = "gnu++0x";
				CLANG_CXX_LIBRARY = "libc++";
				CLANG_ENABLE_MODULES = YES;
				CLANG_ENABLE_OBJC_ARC = YES;
				CLANG_WARN_BOOL_CONVERSION = YES;
				CLANG_WARN_CONSTANT_CONVERSION = YES;
				CLANG_WARN_DIRECT_OBJC_ISA_USAGE = YES_ERROR;
				CLANG_WARN_EMPTY_BODY = YES;
				CLANG_WARN_ENUM_CONVERSION = YES;
				CLANG_WARN_INT_CONVERSION = YES;
				CLANG_WARN_OBJC_ROOT_CLASS = YES_ERROR;
				CLANG_WARN_UNREACHABLE_CODE = YES;
				CLANG_WARN__DUPLICATE_METHOD_MATCH = YES;
				"CODE_SIGN_IDENTITY[sdk=iphoneos*]" = "iPhone Developer";
				COPY_PHASE_STRIP = NO;
				DEBUG_INFORMATION_FORMAT = dwarf;
				ENABLE_STRICT_OBJC_MSGSEND = YES;
				ENABLE_TESTABILITY = YES;
				GCC_C_LANGUAGE_STANDARD = gnu99;
				GCC_DYNAMIC_NO_PIC = NO;
				GCC_NO_COMMON_BLOCKS = YES;
				GCC_OPTIMIZATION_LEVEL = 0;
				GCC_PREPROCESSOR_DEFINITIONS = (
					"DEBUG=1",
					"$(inherited)",
				);
				GCC_WARN_64_TO_32_BIT_CONVERSION = YES;
				GCC_WARN_ABOUT_RETURN_TYPE = YES_ERROR;
				GCC_WARN_UNDECLARED_SELECTOR = YES;
				GCC_WARN_UNINITIALIZED_AUTOS = YES_AGGRESSIVE;
				GCC_WARN_UNUSED_FUNCTION = YES;
				GCC_WARN_UNUSED_VARIABLE = YES;
				IPHONEOS_DEPLOYMENT_TARGET = 9.2;
				MTL_ENABLE_DEBUG_INFO = YES;
				ONLY_ACTIVE_ARCH = YES;
				SDKROOT = iphoneos;
				SWIFT_OPTIMIZATION_LEVEL = "-Onone";
			};
			name = Debug;
		};
		C6D159001CA8E45400B5B991 /* Release */ = {
			isa = XCBuildConfiguration;
			buildSettings = {
				ALWAYS_SEARCH_USER_PATHS = NO;
				CLANG_CXX_LANGUAGE_STANDARD = "gnu++0x";
				CLANG_CXX_LIBRARY = "libc++";
				CLANG_ENABLE_MODULES = YES;
				CLANG_ENABLE_OBJC_ARC = YES;
				CLANG_WARN_BOOL_CONVERSION = YES;
				CLANG_WARN_CONSTANT_CONVERSION = YES;
				CLANG_WARN_DIRECT_OBJC_ISA_USAGE = YES_ERROR;
				CLANG_WARN_EMPTY_BODY = YES;
				CLANG_WARN_ENUM_CONVERSION = YES;
				CLANG_WARN_INT_CONVERSION = YES;
				CLANG_WARN_OBJC_ROOT_CLASS = YES_ERROR;
				CLANG_WARN_UNREACHABLE_CODE = YES;
				CLANG_WARN__DUPLICATE_METHOD_MATCH = YES;
				"CODE_SIGN_IDENTITY[sdk=iphoneos*]" = "iPhone Developer";
				COPY_PHASE_STRIP = NO;
				DEBUG_INFORMATION_FORMAT = "dwarf-with-dsym";
				ENABLE_NS_ASSERTIONS = NO;
				ENABLE_STRICT_OBJC_MSGSEND = YES;
				GCC_C_LANGUAGE_STANDARD = gnu99;
				GCC_NO_COMMON_BLOCKS = YES;
				GCC_WARN_64_TO_32_BIT_CONVERSION = YES;
				GCC_WARN_ABOUT_RETURN_TYPE = YES_ERROR;
				GCC_WARN_UNDECLARED_SELECTOR = YES;
				GCC_WARN_UNINITIALIZED_AUTOS = YES_AGGRESSIVE;
				GCC_WARN_UNUSED_FUNCTION = YES;
				GCC_WARN_UNUSED_VARIABLE = YES;
				IPHONEOS_DEPLOYMENT_TARGET = 9.2;
				MTL_ENABLE_DEBUG_INFO = NO;
				SDKROOT = iphoneos;
				VALIDATE_PRODUCT = YES;
			};
			name = Release;
		};
		C6D159021CA8E45400B5B991 /* Debug */ = {
			isa = XCBuildConfiguration;
			buildSettings = {
				ASSETCATALOG_COMPILER_APPICON_NAME = AppIcon;
				INFOPLIST_FILE = ZhiHu/Info.plist;
				IPHONEOS_DEPLOYMENT_TARGET = 9.2;
				LD_RUNPATH_SEARCH_PATHS = "$(inherited) @executable_path/Frameworks";
				PRODUCT_BUNDLE_IDENTIFIER = cn.wangleilei.cn.ZhiHu;
				PRODUCT_NAME = "$(TARGET_NAME)";
			};
			name = Debug;
		};
		C6D159031CA8E45400B5B991 /* Release */ = {
			isa = XCBuildConfiguration;
			buildSettings = {
				ASSETCATALOG_COMPILER_APPICON_NAME = AppIcon;
				INFOPLIST_FILE = ZhiHu/Info.plist;
				IPHONEOS_DEPLOYMENT_TARGET = 9.2;
				LD_RUNPATH_SEARCH_PATHS = "$(inherited) @executable_path/Frameworks";
				PRODUCT_BUNDLE_IDENTIFIER = cn.wangleilei.cn.ZhiHu;
				PRODUCT_NAME = "$(TARGET_NAME)";
			};
			name = Release;
		};
/* End XCBuildConfiguration section */

/* Begin XCConfigurationList section */
		C6D158EA1CA8E45400B5B991 /* Build configuration list for PBXProject "ZhiHu" */ = {
			isa = XCConfigurationList;
			buildConfigurations = (
				C6D158FF1CA8E45400B5B991 /* Debug */,
				C6D159001CA8E45400B5B991 /* Release */,
			);
			defaultConfigurationIsVisible = 0;
			defaultConfigurationName = Release;
		};
		C6D159011CA8E45400B5B991 /* Build configuration list for PBXNativeTarget "ZhiHu" */ = {
			isa = XCConfigurationList;
			buildConfigurations = (
				C6D159021CA8E45400B5B991 /* Debug */,
				C6D159031CA8E45400B5B991 /* Release */,
			);
			defaultConfigurationIsVisible = 0;
		};
/* End XCConfigurationList section */
	};
	rootObject = C6D158E71CA8E45400B5B991 /* Project object */;
}
